{
  "requires": true,
  "lockfileVersion": 1,
  "dependencies": {
    "@fortawesome/fontawesome-free": {
      "version": "5.4.1",
      "resolved": "https://registry.npmjs.org/@fortawesome/fontawesome-free/-/fontawesome-free-5.4.1.tgz",
      "integrity": "sha512-ZcxfUmLFl4RLG71cPeZcTXRa6rt3xLnMmomAb7aYKRzUmlRRj7E8EVqSwYSXBiV2x6XpSQmGOQmNQx6HSeSwVQ=="
    },
    "bootstrap": {
      "version": "4.1.3",
      "resolved": "https://registry.npmjs.org/bootstrap/-/bootstrap-4.1.3.tgz",
      "integrity": "sha512-rDFIzgXcof0jDyjNosjv4Sno77X4KuPeFxG2XZZv1/Kc8DRVGVADdoQyyOVDwPqL36DDmtCQbrpMCqvpPLJQ0w=="
    },
    "datareports": {
      "version": "0.1.4",
      "resolved": "https://registry.npmjs.org/datareports/-/datareports-0.1.4.tgz",
      "integrity": "sha512-JDIatJ/7VrvnaxJcuvVvhyd0r2gyjwSADWlq9idsFaKiBVjLztA7WD1CpRfDy6ntdKZXrgtt3KoHYQbBDdbRfg==",
      "requires": {
        "@fortawesome/fontawesome-free": "^5.4.0",
        "bootstrap": "^4.1.3",
        "jquery": "^3.3.1",
        "popper.js-lite": "^2.0.0-rc.1",
        "tablesorter": "^2.31.0"
      }
    },
    "jquery": {
      "version": "3.3.1",
      "resolved": "https://registry.npmjs.org/jquery/-/jquery-3.3.1.tgz",
      "integrity": "sha512-Ubldcmxp5np52/ENotGxlLe6aGMvmF4R8S6tZjsP6Knsaxd/xp3Zrh50cG93lR6nPXyUFwzN3ZSOQI0wRJNdGg=="
    },
    "popper.js-lite": {
      "version": "2.0.0-rc.1",
      "resolved": "https://registry.npmjs.org/popper.js-lite/-/popper.js-lite-2.0.0-rc.1.tgz",
      "integrity": "sha512-A6gKAk5UB+T1E9GMQNZNjHBjQY1ZuPPFdqcsQOuuBUphotRwaSxQJkssm3U58vhhTqTDYZ1flDIIbr2ghI+vFw=="
    },
    "tablesorter": {
      "version": "2.31.0",
      "resolved": "https://registry.npmjs.org/tablesorter/-/tablesorter-2.31.0.tgz",
      "integrity": "sha512-ys8Cvsc6V9wj7h+zU9uwS3LwKnct9FbE4UrLJE6hane96+Dl5oC3qQYPzM1YZZo9S0rZuvf2ozUj57psIXB7PQ==",
      "requires": {
        "jquery": ">=1.2.6"
      }
    }
  }
}
