{
    "_meta": {
        "hash": {
            "sha256": "5af406c0aaa489bbebdb8ff2bbff7ae03d6092c4bb7b994d3eaffd730b5eb80f"
        },
        "pipfile-spec": 6,
        "requires": {
            "python_version": "2.7"
        },
        "sources": [
            {
                "name": "pypi",
                "url": "https://pypi.org/simple",
                "verify_ssl": true
            }
        ]
    },
    "default": {},
    "develop": {}
}
